
Microsoft Visual Studio Solution File, Format Version 12.00
# Visual Studio 15
VisualStudioVersion = 15.0.28010.2026
MinimumVisualStudioVersion = 10.0.40219.1
Project("{00D1A9C2-B5F0-4AF3-8072-F6C62B433612}") = "Database2_lab", "Database2_lab\Database2_lab.sqlproj", "{A48FD6BF-0BFB-4F9E-B037-314BBD247F68}"
EndProject
Global
	GlobalSection(SolutionConfigurationPlatforms) = preSolution
		Debug|Any CPU = Debug|Any CPU
		Release|Any CPU = Release|Any CPU
	EndGlobalSection
	GlobalSection(ProjectConfigurationPlatforms) = postSolution
		{A48FD6BF-0BFB-4F9E-B037-314BBD247F68}.Debug|Any CPU.ActiveCfg = Debug|Any CPU
		{A48FD6BF-0BFB-4F9E-B037-314BBD247F68}.Debug|Any CPU.Build.0 = Debug|Any CPU
		{A48FD6BF-0BFB-4F9E-B037-314BBD247F68}.Debug|Any CPU.Deploy.0 = Debug|Any CPU
		{A48FD6BF-0BFB-4F9E-B037-314BBD247F68}.Release|Any CPU.ActiveCfg = Release|Any CPU
		{A48FD6BF-0BFB-4F9E-B037-314BBD247F68}.Release|Any CPU.Build.0 = Release|Any CPU
		{A48FD6BF-0BFB-4F9E-B037-314BBD247F68}.Release|Any CPU.Deploy.0 = Release|Any CPU
	EndGlobalSection
	GlobalSection(SolutionProperties) = preSolution
		HideSolutionNode = FALSE
	EndGlobalSection
	GlobalSection(ExtensibilityGlobals) = postSolution
		SolutionGuid = {F2447CC6-5DFC-4B7B-B893-2A80714E42E1}
	EndGlobalSection
EndGlobal
